{
  "name": "c-sleeve",
  "version": "1.0.0",
  "lockfileVersion": 1,
  "requires": true,
  "dependencies": {
    "lin-ui": {
      "version": "0.6.6",
      "resolved": "https://registry.npmjs.org/lin-ui/-/lin-ui-0.6.6.tgz",
      "integrity": "sha512-fHM0kdvhJWOMyzs5HfrnyKBMTKc3LHCf9HHPvfhf6qAHtzRO68V9NM8tUS2AGKBUB9rxxUawaIRJdeSnC8R94g=="
    }
  }
}
